
Microsoft Visual Studio Solution File, Format Version 12.00
# Visual Studio Version 17
VisualStudioVersion = 17.0.31903.59
MinimumVisualStudioVersion = 10.0.40219.1
Project("{FAE04EC0-301F-11D3-BF4B-00C04F79EFBC}") = "Здание 6.1", "Задание 6 строки\Здание 6.1.csproj", "{C6D96B6D-DEE5-4741-BF05-485D919CC977}"
EndProject
Project("{FAE04EC0-301F-11D3-BF4B-00C04F79EFBC}") = "Задание 6.2", "Задание 6.2\Задание 6.2.csproj", "{9648D70E-DD94-48A2-A8D5-2F4862DB23E8}"
EndProject
Global
	GlobalSection(SolutionConfigurationPlatforms) = preSolution
		Debug|Any CPU = Debug|Any CPU
		Release|Any CPU = Release|Any CPU
	EndGlobalSection
	GlobalSection(ProjectConfigurationPlatforms) = postSolution
		{C6D96B6D-DEE5-4741-BF05-485D919CC977}.Debug|Any CPU.ActiveCfg = Debug|Any CPU
		{C6D96B6D-DEE5-4741-BF05-485D919CC977}.Debug|Any CPU.Build.0 = Debug|Any CPU
		{C6D96B6D-DEE5-4741-BF05-485D919CC977}.Release|Any CPU.ActiveCfg = Release|Any CPU
		{C6D96B6D-DEE5-4741-BF05-485D919CC977}.Release|Any CPU.Build.0 = Release|Any CPU
		{9648D70E-DD94-48A2-A8D5-2F4862DB23E8}.Debug|Any CPU.ActiveCfg = Debug|Any CPU
		{9648D70E-DD94-48A2-A8D5-2F4862DB23E8}.Debug|Any CPU.Build.0 = Debug|Any CPU
		{9648D70E-DD94-48A2-A8D5-2F4862DB23E8}.Release|Any CPU.ActiveCfg = Release|Any CPU
		{9648D70E-DD94-48A2-A8D5-2F4862DB23E8}.Release|Any CPU.Build.0 = Release|Any CPU
	EndGlobalSection
	GlobalSection(SolutionProperties) = preSolution
		HideSolutionNode = FALSE
	EndGlobalSection
	GlobalSection(ExtensibilityGlobals) = postSolution
		SolutionGuid = {2ED4A578-C950-48CE-9428-BC0FCC68FC18}
	EndGlobalSection
EndGlobal
